
Microsoft Visual Studio Solution File, Format Version 12.00
# Visual Studio Version 17
VisualStudioVersion = 17.8.34511.84
MinimumVisualStudioVersion = 10.0.40219.1
Project("{FAE04EC0-301F-11D3-BF4B-00C04F79EFBC}") = "ProjetoModelo", "ProjetoModelo\ProjetoModelo.csproj", "{5CD44A54-C11F-432B-8098-E8507C414ED0}"
EndProject
Global
	GlobalSection(SolutionConfigurationPlatforms) = preSolution
		Debug|Any CPU = Debug|Any CPU
		Release|Any CPU = Release|Any CPU
	EndGlobalSection
	GlobalSection(ProjectConfigurationPlatforms) = postSolution
		{5CD44A54-C11F-432B-8098-E8507C414ED0}.Debug|Any CPU.ActiveCfg = Debug|Any CPU
		{5CD44A54-C11F-432B-8098-E8507C414ED0}.Debug|Any CPU.Build.0 = Debug|Any CPU
		{5CD44A54-C11F-432B-8098-E8507C414ED0}.Release|Any CPU.ActiveCfg = Release|Any CPU
		{5CD44A54-C11F-432B-8098-E8507C414ED0}.Release|Any CPU.Build.0 = Release|Any CPU
	EndGlobalSection
	GlobalSection(SolutionProperties) = preSolution
		HideSolutionNode = FALSE
	EndGlobalSection
	GlobalSection(ExtensibilityGlobals) = postSolution
		SolutionGuid = {0F26AF6A-9644-4BD6-868F-FAF1734F866B}
	EndGlobalSection
EndGlobal
